<?xml version="1.0" encoding="utf-8"?>
<Project ToolsVersion="4.0" xmlns="http://schemas.microsoft.com/developer/msbuild/2003">
  <ItemGroup>
    <Filter Include="Default">
      <UniqueIdentifier>{67DA6AB6-F800-4c08-8B7A-83BB121AAD01}</UniqueIdentifier>
      <Extensions>rc;ico;cur;bmp;dlg;rc2;rct;bin;rgs;gif;jpg;jpeg;jpe;resx;tiff;tif;png;wav;mfcribbon-ms</Extensions>
    </Filter>
    <Filter Include="Scripts">
      <UniqueIdentifier>{48e37c9a-1c74-415b-a9f0-c96e8e2218f7}</UniqueIdentifier>
    </Filter>
    <Filter Include="Scripts\PlayerScript">
      <UniqueIdentifier>{e58143b1-81b1-472f-a408-1c333d4d4445}</UniqueIdentifier>
    </Filter>
    <Filter Include="Scripts\CameraScript">
      <UniqueIdentifier>{be34146e-b0ea-43c4-bda8-8df1f01e0e85}</UniqueIdentifier>
    </Filter>
    <Filter Include="Scripts\MissileScript">
      <UniqueIdentifier>{bacd6555-58b5-412d-99e2-13fe393070f4}</UniqueIdentifier>
    </Filter>
    <Filter Include="Manager">
      <UniqueIdentifier>{2cb0b0f7-f668-461e-887f-21a43305c83f}</UniqueIdentifier>
    </Filter>
    <Filter Include="Scripts\MonsterScript">
      <UniqueIdentifier>{9c1d6d00-3355-4c0f-90df-f249b2f55895}</UniqueIdentifier>
    </Filter>
    <Filter Include="Scripts\BossScript">
      <UniqueIdentifier>{06fc176d-c1ed-4f4c-a14c-2823a894367c}</UniqueIdentifier>
    </Filter>
    <Filter Include="Scripts\BossPuzzleScript">
      <UniqueIdentifier>{b2e627d1-e7ce-4d7f-8fd1-4b45b77d3319}</UniqueIdentifier>
    </Filter>
  </ItemGroup>
  <ItemGroup>
    <ClInclude Include="framework.h">
      <Filter>Default</Filter>
    </ClInclude>
    <ClInclude Include="pch.h">
      <Filter>Default</Filter>
    </ClInclude>
    <ClInclude Include="CCameraMoveScript.h">
      <Filter>Scripts\CameraScript</Filter>
    </ClInclude>
    <ClInclude Include="CMissileScript.h">
      <Filter>Scripts\MissileScript</Filter>
    </ClInclude>
    <ClInclude Include="CPlayerScript.h">
      <Filter>Scripts\PlayerScript</Filter>
    </ClInclude>
    <ClInclude Include="CScriptMgr.h">
      <Filter>Manager</Filter>
    </ClInclude>
    <ClInclude Include="CMonsterScript.h">
      <Filter>Scripts\MonsterScript</Filter>
    </ClInclude>
    <ClInclude Include="CBossScript.h">
      <Filter>Scripts\BossScript</Filter>
    </ClInclude>
    <ClInclude Include="CBossPuzzleScript.h">
      <Filter>Scripts\BossPuzzleScript</Filter>
    </ClInclude>
  </ItemGroup>
  <ItemGroup>
    <ClCompile Include="pch.cpp">
      <Filter>Default</Filter>
    </ClCompile>
    <ClCompile Include="Scripts.cpp">
      <Filter>Default</Filter>
    </ClCompile>
    <ClCompile Include="CCameraMoveScript.cpp">
      <Filter>Scripts\CameraScript</Filter>
    </ClCompile>
    <ClCompile Include="CMissileScript.cpp">
      <Filter>Scripts\MissileScript</Filter>
    </ClCompile>
    <ClCompile Include="CPlayerScript.cpp">
      <Filter>Scripts\PlayerScript</Filter>
    </ClCompile>
    <ClCompile Include="CScriptMgr.cpp">
      <Filter>Manager</Filter>
    </ClCompile>
    <ClCompile Include="CMonsterScript.cpp">
      <Filter>Scripts\MonsterScript</Filter>
    </ClCompile>
    <ClCompile Include="CBossScript.cpp">
      <Filter>Scripts\BossScript</Filter>
    </ClCompile>
    <ClCompile Include="CBossPuzzleScript.cpp">
      <Filter>Scripts\BossPuzzleScript</Filter>
    </ClCompile>
  </ItemGroup>
</Project>