<?xml version="1.0" encoding="utf-8"?>
<Project ToolsVersion="4.0" xmlns="http://schemas.microsoft.com/developer/msbuild/2003">
  <ItemGroup>
    <Filter Include="Default">
      <UniqueIdentifier>{67DA6AB6-F800-4c08-8B7A-83BB121AAD01}</UniqueIdentifier>
      <Extensions>rc;ico;cur;bmp;dlg;rc2;rct;bin;rgs;gif;jpg;jpeg;jpe;resx;tiff;tif;png;wav;mfcribbon-ms</Extensions>
    </Filter>
    <Filter Include="States">
      <UniqueIdentifier>{b8b33def-07f8-42da-b8fe-1b7b432f3e30}</UniqueIdentifier>
    </Filter>
    <Filter Include="States\PlayerState">
      <UniqueIdentifier>{a7fa11a3-c904-42ff-a6d8-4b07f1d441a5}</UniqueIdentifier>
    </Filter>
    <Filter Include="States\PlayerState\CIdleState">
      <UniqueIdentifier>{d89639df-5196-41aa-856c-5d754ecfbca4}</UniqueIdentifier>
    </Filter>
    <Filter Include="States\PlayerState\CRunState">
      <UniqueIdentifier>{79a40fab-cb28-4fb5-a8b3-fca7301d2342}</UniqueIdentifier>
    </Filter>
    <Filter Include="States\PlayerState\CJumpState">
      <UniqueIdentifier>{4522ed92-b60d-44e6-aa62-91466bc6450d}</UniqueIdentifier>
    </Filter>
    <Filter Include="States\CameraState">
      <UniqueIdentifier>{4d019bef-f254-4e09-a41d-06db3fd71771}</UniqueIdentifier>
    </Filter>
    <Filter Include="States\CameraState\ChasingPlayer">
      <UniqueIdentifier>{63cac8e7-5543-49aa-8881-52a29ca47ff4}</UniqueIdentifier>
    </Filter>
    <Filter Include="States\CameraState\ReachLimit">
      <UniqueIdentifier>{8b3a8aee-65ab-4f0e-ac08-8b4b6f54382a}</UniqueIdentifier>
    </Filter>
    <Filter Include="States\PlayerState\CFallState">
      <UniqueIdentifier>{67f8f1ec-e121-42f4-89a6-061651b3689b}</UniqueIdentifier>
    </Filter>
    <Filter Include="States\PlayerState\CDoubleJumpState">
      <UniqueIdentifier>{e8946a32-02d0-4453-a10a-ac8d86becacf}</UniqueIdentifier>
    </Filter>
    <Filter Include="States\PlayerState\CDashState">
      <UniqueIdentifier>{40e8f71d-b8d8-40b4-9ccd-4bc9113c6a33}</UniqueIdentifier>
    </Filter>
    <Filter Include="States\PlayerState\AttackState">
      <UniqueIdentifier>{2bd7b1c6-8c37-4fcc-bf2c-51bc9fb8db14}</UniqueIdentifier>
    </Filter>
    <Filter Include="States\PlayerState\AttackState\CAttackLight0State">
      <UniqueIdentifier>{cbc27f8d-e0d6-44cf-9f32-19f1af67103f}</UniqueIdentifier>
    </Filter>
    <Filter Include="States\PlayerState\AttackState\CAttackLight1State">
      <UniqueIdentifier>{4ff4fc0e-ab3b-4161-af90-67e931861560}</UniqueIdentifier>
    </Filter>
    <Filter Include="States\PlayerState\AttackState\CAttackLight2State">
      <UniqueIdentifier>{fb8897db-6041-45ea-8c16-7e69b2a74aef}</UniqueIdentifier>
    </Filter>
    <Filter Include="States\PlayerState\AttackState\CAttackHeavy0State">
      <UniqueIdentifier>{bf7782cd-c4c0-40ea-a724-50a10327120b}</UniqueIdentifier>
    </Filter>
    <Filter Include="States\PlayerState\AttackState\CAttackHeavy1State">
      <UniqueIdentifier>{9b9b560c-79b7-4f9c-b467-985b7e9cfb7e}</UniqueIdentifier>
    </Filter>
    <Filter Include="States\PlayerState\AttackState\CAttackUppercutState">
      <UniqueIdentifier>{1a09d597-9ece-4016-8120-7da032d1eced}</UniqueIdentifier>
    </Filter>
    <Filter Include="States\PlayerState\AttackState\CAttackSmashState">
      <UniqueIdentifier>{342c6a67-f3d5-443b-94ff-156d889bb5e1}</UniqueIdentifier>
    </Filter>
    <Filter Include="States\PlayerState\CDamageState">
      <UniqueIdentifier>{42acafdb-448f-4c85-8a29-674ebcd1005a}</UniqueIdentifier>
    </Filter>
    <Filter Include="States\MonsterState">
      <UniqueIdentifier>{5b5c5b2d-bdcb-4b53-ad3d-17cafea0b091}</UniqueIdentifier>
    </Filter>
    <Filter Include="States\MonsterState\ZombieState">
      <UniqueIdentifier>{fd035d22-d3e3-4e73-8511-0da587d49afe}</UniqueIdentifier>
    </Filter>
    <Filter Include="States\MonsterState\ZombieState\CZombieIldeState">
      <UniqueIdentifier>{dc9d36ef-5226-4a59-9c90-427f4f00fa05}</UniqueIdentifier>
    </Filter>
    <Filter Include="States\MonsterState\ZombieState\CZombieChaseState">
      <UniqueIdentifier>{ff7de897-4267-449b-b776-8020f183b9b2}</UniqueIdentifier>
    </Filter>
    <Filter Include="States\MonsterState\ZombieState\CZombieAttackState">
      <UniqueIdentifier>{d0516ed5-b8db-4725-9000-ad923b5a8fd5}</UniqueIdentifier>
    </Filter>
    <Filter Include="States\MonsterState\ZombieState\CZombieDamageState">
      <UniqueIdentifier>{9168485a-1c6e-4d8d-a638-213b4e9be43e}</UniqueIdentifier>
    </Filter>
    <Filter Include="States\CameraState\BossMode">
      <UniqueIdentifier>{031df11b-00cd-4471-b544-e28795e78462}</UniqueIdentifier>
    </Filter>
    <Filter Include="States\BossState">
      <UniqueIdentifier>{1aea54fe-b1f8-43d5-aa6e-ca932667c979}</UniqueIdentifier>
    </Filter>
    <Filter Include="States\BossState\CBossIdleState">
      <UniqueIdentifier>{aef313be-a277-4893-8b0b-d40ce6786f75}</UniqueIdentifier>
    </Filter>
    <Filter Include="States\BossState\CBossAttackState">
      <UniqueIdentifier>{d5e93bd3-00a0-4308-b120-e725c4ff021f}</UniqueIdentifier>
    </Filter>
    <Filter Include="States\BossState\CBossChainState">
      <UniqueIdentifier>{ba98ca19-5116-4aac-8e06-1fcdf9b8432b}</UniqueIdentifier>
    </Filter>
    <Filter Include="States\BossState\CBossFallState">
      <UniqueIdentifier>{c881745b-3214-46e6-9bf1-e5e09f9c31dd}</UniqueIdentifier>
    </Filter>
    <Filter Include="States\BossState\CBossGroggyState">
      <UniqueIdentifier>{7c8020e5-ae95-4370-aece-96bd39adea6a}</UniqueIdentifier>
    </Filter>
    <Filter Include="States\BossState\CBossJumpBackState">
      <UniqueIdentifier>{7dd6ad59-8a86-4ae2-a683-0524fba17b31}</UniqueIdentifier>
    </Filter>
    <Filter Include="States\BossState\CBossDeadState">
      <UniqueIdentifier>{acde96ad-e439-418a-a7cd-66c9ccb67aa8}</UniqueIdentifier>
    </Filter>
    <Filter Include="States\CameraState\NoMove">
      <UniqueIdentifier>{5a35c9c4-83e8-4b1c-b396-9564debe4135}</UniqueIdentifier>
    </Filter>
  </ItemGroup>
  <ItemGroup>
    <ClInclude Include="framework.h">
      <Filter>Default</Filter>
    </ClInclude>
    <ClInclude Include="pch.h">
      <Filter>Default</Filter>
    </ClInclude>
    <ClInclude Include="CPlayerState.h">
      <Filter>States\PlayerState</Filter>
    </ClInclude>
    <ClInclude Include="CRunState.h">
      <Filter>States\PlayerState\CRunState</Filter>
    </ClInclude>
    <ClInclude Include="CIdleState.h">
      <Filter>States\PlayerState\CIdleState</Filter>
    </ClInclude>
    <ClInclude Include="CJumpState.h">
      <Filter>States\PlayerState\CJumpState</Filter>
    </ClInclude>
    <ClInclude Include="CCameraState.h">
      <Filter>States\CameraState</Filter>
    </ClInclude>
    <ClInclude Include="CChasingPlayerState.h">
      <Filter>States\CameraState\ChasingPlayer</Filter>
    </ClInclude>
    <ClInclude Include="CReachLimitState.h">
      <Filter>States\CameraState\ReachLimit</Filter>
    </ClInclude>
    <ClInclude Include="CFallState.h">
      <Filter>States\PlayerState\CFallState</Filter>
    </ClInclude>
    <ClInclude Include="CDoubleJumpState.h">
      <Filter>States\PlayerState\CDoubleJumpState</Filter>
    </ClInclude>
    <ClInclude Include="CDashState.h">
      <Filter>States\PlayerState\CDashState</Filter>
    </ClInclude>
    <ClInclude Include="CAttackLight0State.h">
      <Filter>States\PlayerState\AttackState\CAttackLight0State</Filter>
    </ClInclude>
    <ClInclude Include="CAttackLight1State.h">
      <Filter>States\PlayerState\AttackState\CAttackLight1State</Filter>
    </ClInclude>
    <ClInclude Include="CAttackLight2State.h">
      <Filter>States\PlayerState\AttackState\CAttackLight2State</Filter>
    </ClInclude>
    <ClInclude Include="CAttackHeavy0State.h">
      <Filter>States\PlayerState\AttackState\CAttackHeavy0State</Filter>
    </ClInclude>
    <ClInclude Include="CAttackHeavy1State.h">
      <Filter>States\PlayerState\AttackState\CAttackHeavy1State</Filter>
    </ClInclude>
    <ClInclude Include="CAttackUppercutState.h">
      <Filter>States\PlayerState\AttackState\CAttackUppercutState</Filter>
    </ClInclude>
    <ClInclude Include="CAttackSmashState.h">
      <Filter>States\PlayerState\AttackState\CAttackSmashState</Filter>
    </ClInclude>
    <ClInclude Include="CDamageState.h">
      <Filter>States\PlayerState\CDamageState</Filter>
    </ClInclude>
    <ClInclude Include="CMonsterState.h">
      <Filter>States\MonsterState</Filter>
    </ClInclude>
    <ClInclude Include="CZombieIdleState.h">
      <Filter>States\MonsterState\ZombieState\CZombieIldeState</Filter>
    </ClInclude>
    <ClInclude Include="CZombieChaseState.h">
      <Filter>States\MonsterState\ZombieState\CZombieChaseState</Filter>
    </ClInclude>
    <ClInclude Include="CZombieAttackState.h">
      <Filter>States\MonsterState\ZombieState\CZombieAttackState</Filter>
    </ClInclude>
    <ClInclude Include="CZombieDamageState.h">
      <Filter>States\MonsterState\ZombieState\CZombieDamageState</Filter>
    </ClInclude>
    <ClInclude Include="CBossModeState.h">
      <Filter>States\CameraState\BossMode</Filter>
    </ClInclude>
    <ClInclude Include="CBossState.h">
      <Filter>States\BossState</Filter>
    </ClInclude>
    <ClInclude Include="CBossIdleState.h">
      <Filter>States\BossState\CBossIdleState</Filter>
    </ClInclude>
    <ClInclude Include="CBossChainState.h">
      <Filter>States\BossState\CBossChainState</Filter>
    </ClInclude>
    <ClInclude Include="CBossAttackState.h">
      <Filter>States\BossState\CBossAttackState</Filter>
    </ClInclude>
    <ClInclude Include="CBossFallState.h">
      <Filter>States\BossState\CBossFallState</Filter>
    </ClInclude>
    <ClInclude Include="CBossGroggyState.h">
      <Filter>States\BossState\CBossGroggyState</Filter>
    </ClInclude>
    <ClInclude Include="CBossJumpBackState.h">
      <Filter>States\BossState\CBossJumpBackState</Filter>
    </ClInclude>
    <ClInclude Include="CBossDeadState.h">
      <Filter>States\BossState\CBossDeadState</Filter>
    </ClInclude>
    <ClInclude Include="CNoMoveState.h">
      <Filter>States\CameraState\NoMove</Filter>
    </ClInclude>
  </ItemGroup>
  <ItemGroup>
    <ClCompile Include="States.cpp">
      <Filter>Default</Filter>
    </ClCompile>
    <ClCompile Include="pch.cpp">
      <Filter>Default</Filter>
    </ClCompile>
    <ClCompile Include="CPlayerState.cpp">
      <Filter>States\PlayerState</Filter>
    </ClCompile>
    <ClCompile Include="CRunState.cpp">
      <Filter>States\PlayerState\CRunState</Filter>
    </ClCompile>
    <ClCompile Include="CIdleState.cpp">
      <Filter>States\PlayerState\CIdleState</Filter>
    </ClCompile>
    <ClCompile Include="CJumpState.cpp">
      <Filter>States\PlayerState\CJumpState</Filter>
    </ClCompile>
    <ClCompile Include="CCameraState.cpp">
      <Filter>States\CameraState</Filter>
    </ClCompile>
    <ClCompile Include="CChasingPlayerState.cpp">
      <Filter>States\CameraState\ChasingPlayer</Filter>
    </ClCompile>
    <ClCompile Include="CReachLimitState.cpp">
      <Filter>States\CameraState\ReachLimit</Filter>
    </ClCompile>
    <ClCompile Include="CFallState.cpp">
      <Filter>States\PlayerState\CFallState</Filter>
    </ClCompile>
    <ClCompile Include="CDoubleJumpState.cpp">
      <Filter>States\PlayerState\CDoubleJumpState</Filter>
    </ClCompile>
    <ClCompile Include="CDashState.cpp">
      <Filter>States\PlayerState\CDashState</Filter>
    </ClCompile>
    <ClCompile Include="CAttackLight0State.cpp">
      <Filter>States\PlayerState\AttackState\CAttackLight0State</Filter>
    </ClCompile>
    <ClCompile Include="CAttackLight1State.cpp">
      <Filter>States\PlayerState\AttackState\CAttackLight1State</Filter>
    </ClCompile>
    <ClCompile Include="CAttackLight2State.cpp">
      <Filter>States\PlayerState\AttackState\CAttackLight2State</Filter>
    </ClCompile>
    <ClCompile Include="CAttackHeavy0State.cpp">
      <Filter>States\PlayerState\AttackState\CAttackHeavy0State</Filter>
    </ClCompile>
    <ClCompile Include="CAttackHeavy1State.cpp">
      <Filter>States\PlayerState\AttackState\CAttackHeavy1State</Filter>
    </ClCompile>
    <ClCompile Include="CAttackUppercutState.cpp">
      <Filter>States\PlayerState\AttackState\CAttackUppercutState</Filter>
    </ClCompile>
    <ClCompile Include="CAttackSmashState.cpp">
      <Filter>States\PlayerState\AttackState\CAttackSmashState</Filter>
    </ClCompile>
    <ClCompile Include="CDamageState.cpp">
      <Filter>States\PlayerState\CDamageState</Filter>
    </ClCompile>
    <ClCompile Include="CMonsterState.cpp">
      <Filter>States\MonsterState</Filter>
    </ClCompile>
    <ClCompile Include="CZombieIdleState.cpp">
      <Filter>States\MonsterState\ZombieState\CZombieIldeState</Filter>
    </ClCompile>
    <ClCompile Include="CZombieChaseState.cpp">
      <Filter>States\MonsterState\ZombieState\CZombieChaseState</Filter>
    </ClCompile>
    <ClCompile Include="CZombieAttackState.cpp">
      <Filter>States\MonsterState\ZombieState\CZombieAttackState</Filter>
    </ClCompile>
    <ClCompile Include="CZombieDamageState.cpp">
      <Filter>States\MonsterState\ZombieState\CZombieDamageState</Filter>
    </ClCompile>
    <ClCompile Include="CBossModeState.cpp">
      <Filter>States\CameraState\BossMode</Filter>
    </ClCompile>
    <ClCompile Include="CBossState.cpp">
      <Filter>States\BossState</Filter>
    </ClCompile>
    <ClCompile Include="CBossIdleState.cpp">
      <Filter>States\BossState\CBossIdleState</Filter>
    </ClCompile>
    <ClCompile Include="CBossChainState.cpp">
      <Filter>States\BossState\CBossChainState</Filter>
    </ClCompile>
    <ClCompile Include="CBossAttackState.cpp">
      <Filter>States\BossState\CBossAttackState</Filter>
    </ClCompile>
    <ClCompile Include="CBossFallState.cpp">
      <Filter>States\BossState\CBossFallState</Filter>
    </ClCompile>
    <ClCompile Include="CBossGroggyState.cpp">
      <Filter>States\BossState\CBossGroggyState</Filter>
    </ClCompile>
    <ClCompile Include="CBossJumpBackState.cpp">
      <Filter>States\BossState\CBossJumpBackState</Filter>
    </ClCompile>
    <ClCompile Include="CBossDeadState.cpp">
      <Filter>States\BossState\CBossDeadState</Filter>
    </ClCompile>
    <ClCompile Include="CNoMoveState.cpp">
      <Filter>States\CameraState\NoMove</Filter>
    </ClCompile>
  </ItemGroup>
</Project>